// !$*UTF8*$!
{
	archiveVersion = 1;
	classes = {
	};
	objectVersion = 51;
	objects = {

/* Begin PBXBuildFile section */
		3E7890061A641DF9085CEF29 /* Pods_DemoApp2.framework in Frameworks */ = {isa = PBXBuildFile; fileRef = F36C326F867D09DC87B71272 /* Pods_DemoApp2.framework */; };
		50DBA8912368A9CC007A4065 /* TestAPI.swift in Sources */ = {isa = PBXBuildFile; fileRef = 50DBA8902368A9CC007A4065 /* TestAPI.swift */; };
		50DEEB9B23689156007667FC /* AppDelegate.swift in Sources */ = {isa = PBXBuildFile; fileRef = 50DEEB9A23689156007667FC /* AppDelegate.swift */; };
		50DEEB9D23689156007667FC /* SceneDelegate.swift in Sources */ = {isa = PBXBuildFile; fileRef = 50DEEB9C23689156007667FC /* SceneDelegate.swift */; };
		50DEEB9F23689156007667FC /* ViewController.swift in Sources */ = {isa = PBXBuildFile; fileRef = 50DEEB9E23689156007667FC /* ViewController.swift */; };
		50DEEBA223689156007667FC /* Main.storyboard in Resources */ = {isa = PBXBuildFile; fileRef = 50DEEBA023689156007667FC /* Main.storyboard */; };
		50DEEBA423689158007667FC /* Assets.xcassets in Resources */ = {isa = PBXBuildFile; fileRef = 50DEEBA323689158007667FC /* Assets.xcassets */; };
		50DEEBA723689158007667FC /* LaunchScreen.storyboard in Resources */ = {isa = PBXBuildFile; fileRef = 50DEEBA523689158007667FC /* LaunchScreen.storyboard */; };
/* End PBXBuildFile section */

/* Begin PBXFileReference section */
		02A5D85FED54F85B65B2A410 /* Pods-DemoApp2.release.xcconfig */ = {isa = PBXFileReference; includeInIndex = 1; lastKnownFileType = text.xcconfig; name = "Pods-DemoApp2.release.xcconfig"; path = "Target Support Files/Pods-DemoApp2/Pods-DemoApp2.release.xcconfig"; sourceTree = "<group>"; };
		50DBA8902368A9CC007A4065 /* TestAPI.swift */ = {isa = PBXFileReference; lastKnownFileType = sourcecode.swift; path = TestAPI.swift; sourceTree = "<group>"; };
		50DEEB9723689156007667FC /* DemoApp2.app */ = {isa = PBXFileReference; explicitFileType = wrapper.application; includeInIndex = 0; path = DemoApp2.app; sourceTree = BUILT_PRODUCTS_DIR; };
		50DEEB9A23689156007667FC /* AppDelegate.swift */ = {isa = PBXFileReference; lastKnownFileType = sourcecode.swift; path = AppDelegate.swift; sourceTree = "<group>"; };
		50DEEB9C23689156007667FC /* SceneDelegate.swift */ = {isa = PBXFileReference; lastKnownFileType = sourcecode.swift; path = SceneDelegate.swift; sourceTree = "<group>"; };
		50DEEB9E23689156007667FC /* ViewController.swift */ = {isa = PBXFileReference; lastKnownFileType = sourcecode.swift; path = ViewController.swift; sourceTree = "<group>"; };
		50DEEBA123689156007667FC /* Base */ = {isa = PBXFileReference; lastKnownFileType = file.storyboard; name = Base; path = Base.lproj/Main.storyboard; sourceTree = "<group>"; };
		50DEEBA323689158007667FC /* Assets.xcassets */ = {isa = PBXFileReference; lastKnownFileType = folder.assetcatalog; path = Assets.xcassets; sourceTree = "<group>"; };
		50DEEBA623689158007667FC /* Base */ = {isa = PBXFileReference; lastKnownFileType = file.storyboard; name = Base; path = Base.lproj/LaunchScreen.storyboard; sourceTree = "<group>"; };
		50DEEBA823689158007667FC /* Info.plist */ = {isa = PBXFileReference; lastKnownFileType = text.plist.xml; path = Info.plist; sourceTree = "<group>"; };
		7A1868E71243313237964163 /* Pods-DemoApp2.debug.xcconfig */ = {isa = PBXFileReference; includeInIndex = 1; lastKnownFileType = text.xcconfig; name = "Pods-DemoApp2.debug.xcconfig"; path = "Target Support Files/Pods-DemoApp2/Pods-DemoApp2.debug.xcconfig"; sourceTree = "<group>"; };
		F36C326F867D09DC87B71272 /* Pods_DemoApp2.framework */ = {isa = PBXFileReference; explicitFileType = wrapper.framework; includeInIndex = 0; path = Pods_DemoApp2.framework; sourceTree = BUILT_PRODUCTS_DIR; };
/* End PBXFileReference section */

/* Begin PBXFrameworksBuildPhase section */
		50DEEB9423689156007667FC /* Frameworks */ = {
			isa = PBXFrameworksBuildPhase;
			buildActionMask = 2147483647;
			files = (
				3E7890061A641DF9085CEF29 /* Pods_DemoApp2.framework in Frameworks */,
			);
			runOnlyForDeploymentPostprocessing = 0;
		};
/* End PBXFrameworksBuildPhase section */

/* Begin PBXGroup section */
		50DEEB8E23689156007667FC = {
			isa = PBXGroup;
			children = (
				50DEEB9923689156007667FC /* DemoApp2 */,
				50DEEB9823689156007667FC /* Products */,
				7B84A4E7AA10BEBBF23B8EC7 /* Pods */,
				6E4CA73CD229664B64BD908A /* Frameworks */,
			);
			sourceTree = "<group>";
		};
		50DEEB9823689156007667FC /* Products */ = {
			isa = PBXGroup;
			children = (
				50DEEB9723689156007667FC /* DemoApp2.app */,
			);
			name = Products;
			sourceTree = "<group>";
		};
		50DEEB9923689156007667FC /* DemoApp2 */ = {
			isa = PBXGroup;
			children = (
				50DEEB9A23689156007667FC /* AppDelegate.swift */,
				50DBA8902368A9CC007A4065 /* TestAPI.swift */,
				50DEEB9C23689156007667FC /* SceneDelegate.swift */,
				50DEEB9E23689156007667FC /* ViewController.swift */,
				50DEEBA023689156007667FC /* Main.storyboard */,
				50DEEBA323689158007667FC /* Assets.xcassets */,
				50DEEBA523689158007667FC /* LaunchScreen.storyboard */,
				50DEEBA823689158007667FC /* Info.plist */,
			);
			path = DemoApp2;
			sourceTree = "<group>";
		};
		6E4CA73CD229664B64BD908A /* Frameworks */ = {
			isa = PBXGroup;
			children = (
				F36C326F867D09DC87B71272 /* Pods_DemoApp2.framework */,
			);
			name = Frameworks;
			sourceTree = "<group>";
		};
		7B84A4E7AA10BEBBF23B8EC7 /* Pods */ = {
			isa = PBXGroup;
			children = (
				7A1868E71243313237964163 /* Pods-DemoApp2.debug.xcconfig */,
				02A5D85FED54F85B65B2A410 /* Pods-DemoApp2.release.xcconfig */,
			);
			path = Pods;
			sourceTree = "<group>";
		};
/* End PBXGroup section */

/* Begin PBXNativeTarget section */
		50DEEB9623689156007667FC /* DemoApp2 */ = {
			isa = PBXNativeTarget;
			buildConfigurationList = 50DEEBAB23689158007667FC /* Build configuration list for PBXNativeTarget "DemoApp2" */;
			buildPhases = (
				B9A91254364E9200222CAF3C /* [CP] Check Pods Manifest.lock */,
				50DEEB9323689156007667FC /* Sources */,
				50DEEB9423689156007667FC /* Frameworks */,
				50DEEB9523689156007667FC /* Resources */,
				1328B85BDAE880C936935601 /* [CP] Embed Pods Frameworks */,
			);
			buildRules = (
			);
			dependencies = (
			);
			name = DemoApp2;
			productName = DemoApp2;
			productReference = 50DEEB9723689156007667FC /* DemoApp2.app */;
			productType = "com.apple.product-type.application";
		};
/* End PBXNativeTarget section */

/* Begin PBXProject section */
		50DEEB8F23689156007667FC /* Project object */ = {
			isa = PBXProject;
			attributes = {
				LastSwiftUpdateCheck = 1100;
				LastUpgradeCheck = 1100;
				ORGANIZATIONNAME = SensorMedia;
				TargetAttributes = {
					50DEEB9623689156007667FC = {
						CreatedOnToolsVersion = 11.0;
					};
				};
			};
			buildConfigurationList = 50DEEB9223689156007667FC /* Build configuration list for PBXProject "DemoApp2" */;
			compatibilityVersion = "Xcode 9.3";
			developmentRegion = en;
			hasScannedForEncodings = 0;
			knownRegions = (
				en,
				Base,
			);
			mainGroup = 50DEEB8E23689156007667FC;
			productRefGroup = 50DEEB9823689156007667FC /* Products */;
			projectDirPath = "";
			projectRoot = "";
			targets = (
				50DEEB9623689156007667FC /* DemoApp2 */,
			);
		};
/* End PBXProject section */

/* Begin PBXResourcesBuildPhase section */
		50DEEB9523689156007667FC /* Resources */ = {
			isa = PBXResourcesBuildPhase;
			buildActionMask = 2147483647;
			files = (
				50DEEBA723689158007667FC /* LaunchScreen.storyboard in Resources */,
				50DEEBA423689158007667FC /* Assets.xcassets in Resources */,
				50DEEBA223689156007667FC /* Main.storyboard in Resources */,
			);
			runOnlyForDeploymentPostprocessing = 0;
		};
/* End PBXResourcesBuildPhase section */

/* Begin PBXShellScriptBuildPhase section */
		1328B85BDAE880C936935601 /* [CP] Embed Pods Frameworks */ = {
			isa = PBXShellScriptBuildPhase;
			buildActionMask = 2147483647;
			files = (
			);
			inputFileListPaths = (
				"${PODS_ROOT}/Target Support Files/Pods-DemoApp2/Pods-DemoApp2-frameworks-${CONFIGURATION}-input-files.xcfilelist",
			);
			name = "[CP] Embed Pods Frameworks";
			outputFileListPaths = (
				"${PODS_ROOT}/Target Support Files/Pods-DemoApp2/Pods-DemoApp2-frameworks-${CONFIGURATION}-output-files.xcfilelist",
			);
			runOnlyForDeploymentPostprocessing = 0;
			shellPath = /bin/sh;
			shellScript = "\"${PODS_ROOT}/Target Support Files/Pods-DemoApp2/Pods-DemoApp2-frameworks.sh\"\n";
			showEnvVarsInLog = 0;
		};
		B9A91254364E9200222CAF3C /* [CP] Check Pods Manifest.lock */ = {
			isa = PBXShellScriptBuildPhase;
			buildActionMask = 2147483647;
			files = (
			);
			inputFileListPaths = (
			);
			inputPaths = (
				"${PODS_PODFILE_DIR_PATH}/Podfile.lock",
				"${PODS_ROOT}/Manifest.lock",
			);
			name = "[CP] Check Pods Manifest.lock";
			outputFileListPaths = (
			);
			outputPaths = (
				"$(DERIVED_FILE_DIR)/Pods-DemoApp2-checkManifestLockResult.txt",
			);
			runOnlyForDeploymentPostprocessing = 0;
			shellPath = /bin/sh;
			shellScript = "diff \"${PODS_PODFILE_DIR_PATH}/Podfile.lock\" \"${PODS_ROOT}/Manifest.lock\" > /dev/null\nif [ $? != 0 ] ; then\n    # print error to STDERR\n    echo \"error: The sandbox is not in sync with the Podfile.lock. Run 'pod install' or update your CocoaPods installation.\" >&2\n    exit 1\nfi\n# This output is used by Xcode 'outputs' to avoid re-running this script phase.\necho \"SUCCESS\" > \"${SCRIPT_OUTPUT_FILE_0}\"\n";
			showEnvVarsInLog = 0;
		};
/* End PBXShellScriptBuildPhase section */

/* Begin PBXSourcesBuildPhase section */
		50DEEB9323689156007667FC /* Sources */ = {
			isa = PBXSourcesBuildPhase;
			buildActionMask = 2147483647;
			files = (
				50DEEB9F23689156007667FC /* ViewController.swift in Sources */,
				50DEEB9B23689156007667FC /* AppDelegate.swift in Sources */,
				50DBA8912368A9CC007A4065 /* TestAPI.swift in Sources */,
				50DEEB9D23689156007667FC /* SceneDelegate.swift in Sources */,
			);
			runOnlyForDeploymentPostprocessing = 0;
		};
/* End PBXSourcesBuildPhase section */

/* Begin PBXVariantGroup section */
		50DEEBA023689156007667FC /* Main.storyboard */ = {
			isa = PBXVariantGroup;
			children = (
				50DEEBA123689156007667FC /* Base */,
			);
			name = Main.storyboard;
			sourceTree = "<group>";
		};
		50DEEBA523689158007667FC /* LaunchScreen.storyboard */ = {
			isa = PBXVariantGroup;
			children = (
				50DEEBA623689158007667FC /* Base */,
			);
			name = LaunchScreen.storyboard;
			sourceTree = "<group>";
		};
/* End PBXVariantGroup section */

/* Begin XCBuildConfiguration section */
		50DEEBA923689158007667FC /* Debug */ = {
			isa = XCBuildConfiguration;
			buildSettings = {
				ALWAYS_SEARCH_USER_PATHS = NO;
				CLANG_ANALYZER_NONNULL = YES;
				CLANG_ANALYZER_NUMBER_OBJECT_CONVERSION = YES_AGGRESSIVE;
				CLANG_CXX_LANGUAGE_STANDARD = "gnu++14";
				CLANG_CXX_LIBRARY = "libc++";
				CLANG_ENABLE_MODULES = YES;
				CLANG_ENABLE_OBJC_ARC = YES;
				CLANG_ENABLE_OBJC_WEAK = YES;
				CLANG_WARN_BLOCK_CAPTURE_AUTORELEASING = YES;
				CLANG_WARN_BOOL_CONVERSION = YES;
				CLANG_WARN_COMMA = YES;
				CLANG_WARN_CONSTANT_CONVERSION = YES;
				CLANG_WARN_DEPRECATED_OBJC_IMPLEMENTATIONS = YES;
				CLANG_WARN_DIRECT_OBJC_ISA_USAGE = YES_ERROR;
				CLANG_WARN_DOCUMENTATION_COMMENTS = YES;
				CLANG_WARN_EMPTY_BODY = YES;
				CLANG_WARN_ENUM_CONVERSION = YES;
				CLANG_WARN_INFINITE_RECURSION = YES;
				CLANG_WARN_INT_CONVERSION = YES;
				CLANG_WARN_NON_LITERAL_NULL_CONVERSION = YES;
				CLANG_WARN_OBJC_IMPLICIT_RETAIN_SELF = YES;
				CLANG_WARN_OBJC_LITERAL_CONVERSION = YES;
				CLANG_WARN_OBJC_ROOT_CLASS = YES_ERROR;
				CLANG_WARN_RANGE_LOOP_ANALYSIS = YES;
				CLANG_WARN_STRICT_PROTOTYPES = YES;
				CLANG_WARN_SUSPICIOUS_MOVE = YES;
				CLANG_WARN_UNGUARDED_AVAILABILITY = YES_AGGRESSIVE;
				CLANG_WARN_UNREACHABLE_CODE = YES;
				CLANG_WARN__DUPLICATE_METHOD_MATCH = YES;
				COPY_PHASE_STRIP = NO;
				DEBUG_INFORMATION_FORMAT = dwarf;
				ENABLE_STRICT_OBJC_MSGSEND = YES;
				ENABLE_TESTABILITY = YES;
				GCC_C_LANGUAGE_STANDARD = gnu11;
				GCC_DYNAMIC_NO_PIC = NO;
				GCC_NO_COMMON_BLOCKS = YES;
				GCC_OPTIMIZATION_LEVEL = 0;
				GCC_PREPROCESSOR_DEFINITIONS = (
					"DEBUG=1",
					"$(inherited)",
				);
				GCC_WARN_64_TO_32_BIT_CONVERSION = YES;
				GCC_WARN_ABOUT_RETURN_TYPE = YES_ERROR;
				GCC_WARN_UNDECLARED_SELECTOR = YES;
				GCC_WARN_UNINITIALIZED_AUTOS = YES_AGGRESSIVE;
				GCC_WARN_UNUSED_FUNCTION = YES;
				GCC_WARN_UNUSED_VARIABLE = YES;
				IPHONEOS_DEPLOYMENT_TARGET = 13.0;
				MTL_ENABLE_DEBUG_INFO = INCLUDE_SOURCE;
				MTL_FAST_MATH = YES;
				ONLY_ACTIVE_ARCH = YES;
				SDKROOT = iphoneos;
				SWIFT_ACTIVE_COMPILATION_CONDITIONS = DEBUG;
				SWIFT_OPTIMIZATION_LEVEL = "-Onone";
			};
			name = Debug;
		};
		50DEEBAA23689158007667FC /* Release */ = {
			isa = XCBuildConfiguration;
			buildSettings = {
				ALWAYS_SEARCH_USER_PATHS = NO;
				CLANG_ANALYZER_NONNULL = YES;
				CLANG_ANALYZER_NUMBER_OBJECT_CONVERSION = YES_AGGRESSIVE;
				CLANG_CXX_LANGUAGE_STANDARD = "gnu++14";
				CLANG_CXX_LIBRARY = "libc++";
				CLANG_ENABLE_MODULES = YES;
				CLANG_ENABLE_OBJC_ARC = YES;
				CLANG_ENABLE_OBJC_WEAK = YES;
				CLANG_WARN_BLOCK_CAPTURE_AUTORELEASING = YES;
				CLANG_WARN_BOOL_CONVERSION = YES;
				CLANG_WARN_COMMA = YES;
				CLANG_WARN_CONSTANT_CONVERSION = YES;
				CLANG_WARN_DEPRECATED_OBJC_IMPLEMENTATIONS = YES;
				CLANG_WARN_DIRECT_OBJC_ISA_USAGE = YES_ERROR;
				CLANG_WARN_DOCUMENTATION_COMMENTS = YES;
				CLANG_WARN_EMPTY_BODY = YES;
				CLANG_WARN_ENUM_CONVERSION = YES;
				CLANG_WARN_INFINITE_RECURSION = YES;
				CLANG_WARN_INT_CONVERSION = YES;
				CLANG_WARN_NON_LITERAL_NULL_CONVERSION = YES;
				CLANG_WARN_OBJC_IMPLICIT_RETAIN_SELF = YES;
				CLANG_WARN_OBJC_LITERAL_CONVERSION = YES;
				CLANG_WARN_OBJC_ROOT_CLASS = YES_ERROR;
				CLANG_WARN_RANGE_LOOP_ANALYSIS = YES;
				CLANG_WARN_STRICT_PROTOTYPES = YES;
				CLANG_WARN_SUSPICIOUS_MOVE = YES;
				CLANG_WARN_UNGUARDED_AVAILABILITY = YES_AGGRESSIVE;
				CLANG_WARN_UNREACHABLE_CODE = YES;
				CLANG_WARN__DUPLICATE_METHOD_MATCH = YES;
				COPY_PHASE_STRIP = NO;
				DEBUG_INFORMATION_FORMAT = "dwarf-with-dsym";
				ENABLE_NS_ASSERTIONS = NO;
				ENABLE_STRICT_OBJC_MSGSEND = YES;
				GCC_C_LANGUAGE_STANDARD = gnu11;
				GCC_NO_COMMON_BLOCKS = YES;
				GCC_WARN_64_TO_32_BIT_CONVERSION = YES;
				GCC_WARN_ABOUT_RETURN_TYPE = YES_ERROR;
				GCC_WARN_UNDECLARED_SELECTOR = YES;
				GCC_WARN_UNINITIALIZED_AUTOS = YES_AGGRESSIVE;
				GCC_WARN_UNUSED_FUNCTION = YES;
				GCC_WARN_UNUSED_VARIABLE = YES;
				IPHONEOS_DEPLOYMENT_TARGET = 13.0;
				MTL_ENABLE_DEBUG_INFO = NO;
				MTL_FAST_MATH = YES;
				SDKROOT = iphoneos;
				SWIFT_COMPILATION_MODE = wholemodule;
				SWIFT_OPTIMIZATION_LEVEL = "-O";
				VALIDATE_PRODUCT = YES;
			};
			name = Release;
		};
		50DEEBAC23689158007667FC /* Debug */ = {
			isa = XCBuildConfiguration;
			baseConfigurationReference = 7A1868E71243313237964163 /* Pods-DemoApp2.debug.xcconfig */;
			buildSettings = {
				ASSETCATALOG_COMPILER_APPICON_NAME = AppIcon;
				CODE_SIGN_STYLE = Automatic;
				DEVELOPMENT_TEAM = FQK2EDS67D;
				INFOPLIST_FILE = DemoApp2/Info.plist;
				LD_RUNPATH_SEARCH_PATHS = (
					"$(inherited)",
					"@executable_path/Frameworks",
				);
				PRODUCT_BUNDLE_IDENTIFIER = com.snibble.demoapp2;
				PRODUCT_NAME = "$(TARGET_NAME)";
				SWIFT_VERSION = 5.0;
				TARGETED_DEVICE_FAMILY = "1,2";
			};
			name = Debug;
		};
		50DEEBAD23689158007667FC /* Release */ = {
			isa = XCBuildConfiguration;
			baseConfigurationReference = 02A5D85FED54F85B65B2A410 /* Pods-DemoApp2.release.xcconfig */;
			buildSettings = {
				ASSETCATALOG_COMPILER_APPICON_NAME = AppIcon;
				CODE_SIGN_STYLE = Automatic;
				DEVELOPMENT_TEAM = FQK2EDS67D;
				INFOPLIST_FILE = DemoApp2/Info.plist;
				LD_RUNPATH_SEARCH_PATHS = (
					"$(inherited)",
					"@executable_path/Frameworks",
				);
				PRODUCT_BUNDLE_IDENTIFIER = com.snibble.demoapp2;
				PRODUCT_NAME = "$(TARGET_NAME)";
				SWIFT_VERSION = 5.0;
				TARGETED_DEVICE_FAMILY = "1,2";
			};
			name = Release;
		};
/* End XCBuildConfiguration section */

/* Begin XCConfigurationList section */
		50DEEB9223689156007667FC /* Build configuration list for PBXProject "DemoApp2" */ = {
			isa = XCConfigurationList;
			buildConfigurations = (
				50DEEBA923689158007667FC /* Debug */,
				50DEEBAA23689158007667FC /* Release */,
			);
			defaultConfigurationIsVisible = 0;
			defaultConfigurationName = Release;
		};
		50DEEBAB23689158007667FC /* Build configuration list for PBXNativeTarget "DemoApp2" */ = {
			isa = XCConfigurationList;
			buildConfigurations = (
				50DEEBAC23689158007667FC /* Debug */,
				50DEEBAD23689158007667FC /* Release */,
			);
			defaultConfigurationIsVisible = 0;
			defaultConfigurationName = Release;
		};
/* End XCConfigurationList section */
	};
	rootObject = 50DEEB8F23689156007667FC /* Project object */;
}
